%{
  "amqp": {:hex, :amqp, "1.6.0", "736d976f53780bcee72ccc50f7eb36e3d5881354480b1e34ceac84e3bbd954e9", [:mix], [{:amqp_client, "~> 3.8.0", [hex: :amqp_client, repo: "hexpm", optional: false]}], "hexpm", "b8168919ea1f1571a68349421e6501d1db7f559c4db3b8324ae90dbd3e2c1c4a"},
  "amqp_client": {:hex, :amqp_client, "3.8.35", "e81dbec62057155b5aff857ac9ee85a63af2baf6e0fd4e9d02a3aff46a3de836", [:make, :rebar3], [{:rabbit_common, "3.8.35", [hex: :rabbit_common, repo: "hexpm", optional: false]}], "hexpm", "ca8066e8d12530e31a9879789bc44bb2a4877dcd2d4b65e56b3d301b5e727688"},
  "artificery": {:hex, :artificery, "0.4.3", "0bc4260f988dcb9dda4b23f9fc3c6c8b99a6220a331534fdf5bf2fd0d4333b02", [:mix], [], "hexpm", "12e95333a30e20884e937abdbefa3e7f5e05609c2ba8cf37b33f000b9ffc0504"},
  "bunt": {:hex, :bunt, "0.2.0", "951c6e801e8b1d2cbe58ebbd3e616a869061ddadcc4863d0a2182541acae9a38", [:mix], [], "hexpm", "7af5c7e09fe1d40f76c8e4f9dd2be7cebd83909f31fee7cd0e9eadc567da8353"},
  "connection": {:hex, :connection, "1.1.0", "ff2a49c4b75b6fb3e674bfc5536451607270aac754ffd1bdfe175abe4a6d7a68", [:mix], [], "hexpm", "722c1eb0a418fbe91ba7bd59a47e28008a189d47e37e0e7bb85585a016b2869c"},
  "cowboy": {:hex, :cowboy, "2.7.0", "91ed100138a764355f43316b1d23d7ff6bdb0de4ea618cb5d8677c93a7a2f115", [:rebar3], [{:cowlib, "~> 2.8.0", [hex: :cowlib, repo: "hexpm", optional: false]}, {:ranch, "~> 1.7.1", [hex: :ranch, repo: "hexpm", optional: false]}], "hexpm", "04fd8c6a39edc6aaa9c26123009200fc61f92a3a94f3178c527b70b767c6e605"},
  "cowlib": {:hex, :cowlib, "2.8.0", "fd0ff1787db84ac415b8211573e9a30a3ebe71b5cbff7f720089972b2319c8a4", [:rebar3], [], "hexpm", "79f954a7021b302186a950a32869dbc185523d99d3e44ce430cd1f3289f41ed4"},
  "credentials_obfuscation": {:hex, :credentials_obfuscation, "3.1.0", "2c405ea0c5db7b3344aa5a99f86c33e7b6ecea97d2cb613371e1cf0d192ef2c6", [:rebar3], [], "hexpm", "04884e62b1c6cdfba999d4d6b3e99bc0a59d5e439517bc5c01767255afb7b778"},
  "credo": {:hex, :credo, "1.6.4", "ddd474afb6e8c240313f3a7b0d025cc3213f0d171879429bf8535d7021d9ad78", [:mix], [{:bunt, "~> 0.2.0", [hex: :bunt, repo: "hexpm", optional: false]}, {:file_system, "~> 0.2.8", [hex: :file_system, repo: "hexpm", optional: false]}, {:jason, "~> 1.0", [hex: :jason, repo: "hexpm", optional: false]}], "hexpm", "c28f910b61e1ff829bffa056ef7293a8db50e87f2c57a9b5c3f57eee124536b7"},
  "db_connection": {:hex, :db_connection, "2.4.2", "f92e79aff2375299a16bcb069a14ee8615c3414863a6fef93156aee8e86c2ff3", [:mix], [{:connection, "~> 1.0", [hex: :connection, repo: "hexpm", optional: false]}, {:telemetry, "~> 0.4 or ~> 1.0", [hex: :telemetry, repo: "hexpm", optional: false]}], "hexpm", "4fe53ca91b99f55ea249693a0229356a08f4d1a7931d8ffa79289b145fe83668"},
  "decimal": {:hex, :decimal, "2.0.0", "a78296e617b0f5dd4c6caf57c714431347912ffb1d0842e998e9792b5642d697", [:mix], [], "hexpm", "34666e9c55dea81013e77d9d87370fe6cb6291d1ef32f46a1600230b1d44f577"},
  "ecto": {:hex, :ecto, "3.7.1", "a20598862351b29f80f285b21ec5297da1181c0442687f9b8329f0445d228892", [:mix], [{:decimal, "~> 1.6 or ~> 2.0", [hex: :decimal, repo: "hexpm", optional: false]}, {:jason, "~> 1.0", [hex: :jason, repo: "hexpm", optional: true]}, {:telemetry, "~> 0.4 or ~> 1.0", [hex: :telemetry, repo: "hexpm", optional: false]}], "hexpm", "d36e5b39fc479e654cffd4dbe1865d9716e4a9b6311faff799b6f90ab81b8638"},
  "ecto_sql": {:hex, :ecto_sql, "3.7.2", "55c60aa3a06168912abf145c6df38b0295c34118c3624cf7a6977cd6ce043081", [:mix], [{:db_connection, "~> 2.2", [hex: :db_connection, repo: "hexpm", optional: false]}, {:ecto, "~> 3.7.0", [hex: :ecto, repo: "hexpm", optional: false]}, {:myxql, "~> 0.4.0 or ~> 0.5.0 or ~> 0.6.0", [hex: :myxql, repo: "hexpm", optional: true]}, {:postgrex, "~> 0.15.0 or ~> 0.16.0 or ~> 1.0", [hex: :postgrex, repo: "hexpm", optional: true]}, {:tds, "~> 2.1.1 or ~> 2.2", [hex: :tds, repo: "hexpm", optional: true]}, {:telemetry, "~> 0.4.0 or ~> 1.0", [hex: :telemetry, repo: "hexpm", optional: false]}], "hexpm", "3c218ea62f305dcaef0b915fb56583195e7b91c91dcfb006ba1f669bfacbff2a"},
  "file_system": {:hex, :file_system, "0.2.10", "fb082005a9cd1711c05b5248710f8826b02d7d1784e7c3451f9c1231d4fc162d", [:mix], [], "hexpm", "41195edbfb562a593726eda3b3e8b103a309b733ad25f3d642ba49696bf715dc"},
  "goldrush": {:hex, :goldrush, "0.1.9", "f06e5d5f1277da5c413e84d5a2924174182fb108dabb39d5ec548b27424cd106", [:rebar3], [], "hexpm", "99cb4128cffcb3227581e5d4d803d5413fa643f4eb96523f77d9e6937d994ceb"},
  "grpc": {:hex, :grpc, "0.5.0-beta.1", "7d43f52e138fe261f5b4981f1ada515dfc2e1bfa9dc92c7022e8f41e7e49b571", [:mix], [{:cowboy, "~> 2.7.0", [hex: :cowboy, repo: "hexpm", optional: false]}, {:gun, "~> 2.0.0", [hex: :grpc_gun, repo: "hexpm", optional: false]}, {:protobuf, "~> 0.5", [hex: :protobuf, repo: "hexpm", optional: false]}], "hexpm", "fbbf8872935c295b7575435fe4128372c23c6ded89c2ef8058af3c6167bb3f65"},
  "grpc_mock": {:git, "https://github.com/renderedtext/grpc-mock.git", "5482b315cff39f5b9b49106ec9ef9ea57a4c6849", []},
  "gun": {:hex, :grpc_gun, "2.0.0", "f99678a2ab975e74372a756c86ec30a8384d3ac8a8b86c7ed6243ef4e61d2729", [:rebar3], [{:cowlib, "~> 2.8.0", [hex: :cowlib, repo: "hexpm", optional: false]}], "hexpm", "03dbbca1a9c604a0267a40ea1d69986225091acb822de0b2dbea21d5815e410b"},
  "jason": {:hex, :jason, "1.3.0", "fa6b82a934feb176263ad2df0dbd91bf633d4a46ebfdffea0c8ae82953714946", [:mix], [{:decimal, "~> 1.0 or ~> 2.0", [hex: :decimal, repo: "hexpm", optional: true]}], "hexpm", "53fc1f51255390e0ec7e50f9cb41e751c260d065dcba2bf0d08dc51a4002c2ac"},
  "jsx": {:hex, :jsx, "3.1.0", "d12516baa0bb23a59bb35dccaf02a1bd08243fcbb9efe24f2d9d056ccff71268", [:rebar3], [], "hexpm", "0c5cc8fdc11b53cc25cf65ac6705ad39e54ecc56d1c22e4adb8f5a53fb9427f3"},
  "junit_formatter": {:hex, :junit_formatter, "3.3.0", "bd7914d92885f7cf949dbe1dc6bacf76badfb2c1f5f7b3f9433c20e5b6ec42c8", [:mix], [], "hexpm", "4d040410925324b155ae4c7d41e884a0cdebe53b917bee4f22adf152e987a666"},
  "lager": {:hex, :lager, "3.9.2", "4cab289120eb24964e3886bd22323cb5fefe4510c076992a23ad18cf85413d8c", [:rebar3], [{:goldrush, "0.1.9", [hex: :goldrush, repo: "hexpm", optional: false]}], "hexpm", "7f904d9e87a8cb7e66156ed31768d1c8e26eba1d54f4bc85b1aa4ac1f6340c28"},
  "log_tee": {:git, "https://github.com/renderedtext/log-tee.git", "c5f0fc6930af06ad905e6a5ef93a5027a79e016f", []},
  "postgrex": {:hex, :postgrex, "0.16.2", "0f83198d0e73a36e8d716b90f45f3bde75b5eebf4ade4f43fa1f88c90a812f74", [:mix], [{:connection, "~> 1.1", [hex: :connection, repo: "hexpm", optional: false]}, {:db_connection, "~> 2.1", [hex: :db_connection, repo: "hexpm", optional: false]}, {:decimal, "~> 1.5 or ~> 2.0", [hex: :decimal, repo: "hexpm", optional: false]}, {:jason, "~> 1.0", [hex: :jason, repo: "hexpm", optional: true]}], "hexpm", "a9ea589754d9d4d076121090662b7afe155b374897a6550eb288f11d755acfa0"},
  "protobuf": {:hex, :protobuf, "0.9.0", "9c1633ecc098f3d7ec0a00503e070541b0e1868114fff41523934888442319e7", [:mix], [{:jason, "~> 1.2", [hex: :jason, repo: "hexpm", optional: true]}], "hexpm", "15fb7cddc5f85b8055fedaf81a9093020e4cd283647a21deb8f7de8d243abb9d"},
  "rabbit_common": {:hex, :rabbit_common, "3.8.35", "392b43d3242bc9b02b6889be1726ce9ee6bb8e9a226e20253cd8512a147fa765", [:make, :rebar3], [{:credentials_obfuscation, "3.1.0", [hex: :credentials_obfuscation, repo: "hexpm", optional: false]}, {:jsx, "3.1.0", [hex: :jsx, repo: "hexpm", optional: false]}, {:lager, "3.9.2", [hex: :lager, repo: "hexpm", optional: false]}, {:recon, "2.5.1", [hex: :recon, repo: "hexpm", optional: false]}], "hexpm", "aa79691f95bc86f6383fea2be6a781c1c5efa76d3e6cc0670af2232d8515baac"},
  "ranch": {:hex, :ranch, "1.7.1", "6b1fab51b49196860b733a49c07604465a47bdb78aa10c1c16a3d199f7f8c881", [:rebar3], [], "hexpm", "451d8527787df716d99dc36162fca05934915db0b6141bbdac2ea8d3c7afc7d7"},
  "recon": {:hex, :recon, "2.5.1", "430ffa60685ac1efdfb1fe4c97b8767c92d0d92e6e7c3e8621559ba77598678a", [:mix, :rebar3], [], "hexpm", "5721c6b6d50122d8f68cccac712caa1231f97894bab779eff5ff0f886cb44648"},
  "tackle": {:git, "https://github.com/renderedtext/ex-tackle.git", "403623f9be6919998fea6871f34aa07ff2655c49", []},
  "telemetry": {:hex, :telemetry, "1.0.0", "0f453a102cdf13d506b7c0ab158324c337c41f1cc7548f0bc0e130bbf0ae9452", [:rebar3], [], "hexpm", "73bc09fa59b4a0284efb4624335583c528e07ec9ae76aca96ea0673850aec57a"},
  "util": {:git, "https://github.com/renderedtext/elixir-util.git", "34548a46450465b2fc69642d81f3ff282b1aa097", []},
  "uuid": {:hex, :uuid, "1.1.8", "e22fc04499de0de3ed1116b770c7737779f226ceefa0badb3592e64d5cfb4eb9", [:mix], [], "hexpm", "c790593b4c3b601f5dc2378baae7efaf5b3d73c4c6456ba85759905be792f2ac"},
  "vmstats": {:hex, :vmstats, "2.4.0", "57763d3edc861da2de02b2f0df3adc37e5a140117147937e83908cac40a10c9b", [:rebar3], [], "hexpm", "266f464e64b459f614ed64e25bda270f8a77951868bbaf0e2209274efc3d9b6d"},
  "watchman": {:git, "https://github.com/renderedtext/ex-watchman.git", "9a13fb1992967857570e09130c55efb3e4ef577f", []},
  "wormhole": {:hex, :wormhole, "2.3.0", "5539d538b87fd70fd2b9cd95b8ce8b272c38aa4adf18690cbe8d1736c56054b6", [:mix], [], "hexpm", "5a82445fe84193adafe64eb2c144d703b93d3ddac8aa7e1b0ab0ce3968b22440"},
}
